// !$*UTF8*$!
{
	archiveVersion = 1;
	classes = {
	};
	objectVersion = 50;
	objects = {

/* Begin PBXBuildFile section */
		88633EAA212CFEA900CB4036 /* AppDelegate.m in Sources */ = {isa = PBXBuildFile; fileRef = 88633EA9212CFEA900CB4036 /* AppDelegate.m */; };
		88633EAD212CFEA900CB4036 /* ViewController.m in Sources */ = {isa = PBXBuildFile; fileRef = 88633EAC212CFEA900CB4036 /* ViewController.m */; };
		88633EB0212CFEA900CB4036 /* Main.storyboard in Resources */ = {isa = PBXBuildFile; fileRef = 88633EAE212CFEA900CB4036 /* Main.storyboard */; };
		88633EB2212CFEB200CB4036 /* Assets.xcassets in Resources */ = {isa = PBXBuildFile; fileRef = 88633EB1212CFEB200CB4036 /* Assets.xcassets */; };
		88633EB5212CFEB200CB4036 /* LaunchScreen.storyboard in Resources */ = {isa = PBXBuildFile; fileRef = 88633EB3212CFEB200CB4036 /* LaunchScreen.storyboard */; };
		88633EB8212CFEB200CB4036 /* main.m in Sources */ = {isa = PBXBuildFile; fileRef = 88633EB7212CFEB200CB4036 /* main.m */; };
		88633EC2212CFEB200CB4036 /* RTBindNetTests.m in Sources */ = {isa = PBXBuildFile; fileRef = 88633EC1212CFEB200CB4036 /* RTBindNetTests.m */; };
		88633ECD212CFEB200CB4036 /* RTBindNetUITests.m in Sources */ = {isa = PBXBuildFile; fileRef = 88633ECC212CFEB200CB4036 /* RTBindNetUITests.m */; };
/* End PBXBuildFile section */

/* Begin PBXContainerItemProxy section */
		88633EBE212CFEB200CB4036 /* PBXContainerItemProxy */ = {
			isa = PBXContainerItemProxy;
			containerPortal = 88633E9D212CFEA900CB4036 /* Project object */;
			proxyType = 1;
			remoteGlobalIDString = 88633EA4212CFEA900CB4036;
			remoteInfo = RTBindNet;
		};
		88633EC9212CFEB200CB4036 /* PBXContainerItemProxy */ = {
			isa = PBXContainerItemProxy;
			containerPortal = 88633E9D212CFEA900CB4036 /* Project object */;
			proxyType = 1;
			remoteGlobalIDString = 88633EA4212CFEA900CB4036;
			remoteInfo = RTBindNet;
		};
/* End PBXContainerItemProxy section */

/* Begin PBXFileReference section */
		88633EA5212CFEA900CB4036 /* RTBindNet.app */ = {isa = PBXFileReference; explicitFileType = wrapper.application; includeInIndex = 0; path = RTBindNet.app; sourceTree = BUILT_PRODUCTS_DIR; };
		88633EA8212CFEA900CB4036 /* AppDelegate.h */ = {isa = PBXFileReference; lastKnownFileType = sourcecode.c.h; path = AppDelegate.h; sourceTree = "<group>"; };
		88633EA9212CFEA900CB4036 /* AppDelegate.m */ = {isa = PBXFileReference; lastKnownFileType = sourcecode.c.objc; path = AppDelegate.m; sourceTree = "<group>"; };
		88633EAB212CFEA900CB4036 /* ViewController.h */ = {isa = PBXFileReference; lastKnownFileType = sourcecode.c.h; path = ViewController.h; sourceTree = "<group>"; };
		88633EAC212CFEA900CB4036 /* ViewController.m */ = {isa = PBXFileReference; lastKnownFileType = sourcecode.c.objc; path = ViewController.m; sourceTree = "<group>"; };
		88633EAF212CFEA900CB4036 /* Base */ = {isa = PBXFileReference; lastKnownFileType = file.storyboard; name = Base; path = Base.lproj/Main.storyboard; sourceTree = "<group>"; };
		88633EB1212CFEB200CB4036 /* Assets.xcassets */ = {isa = PBXFileReference; lastKnownFileType = folder.assetcatalog; path = Assets.xcassets; sourceTree = "<group>"; };
		88633EB4212CFEB200CB4036 /* Base */ = {isa = PBXFileReference; lastKnownFileType = file.storyboard; name = Base; path = Base.lproj/LaunchScreen.storyboard; sourceTree = "<group>"; };
		88633EB6212CFEB200CB4036 /* Info.plist */ = {isa = PBXFileReference; lastKnownFileType = text.plist.xml; path = Info.plist; sourceTree = "<group>"; };
		88633EB7212CFEB200CB4036 /* main.m */ = {isa = PBXFileReference; lastKnownFileType = sourcecode.c.objc; path = main.m; sourceTree = "<group>"; };
		88633EBD212CFEB200CB4036 /* RTBindNetTests.xctest */ = {isa = PBXFileReference; explicitFileType = wrapper.cfbundle; includeInIndex = 0; path = RTBindNetTests.xctest; sourceTree = BUILT_PRODUCTS_DIR; };
		88633EC1212CFEB200CB4036 /* RTBindNetTests.m */ = {isa = PBXFileReference; lastKnownFileType = sourcecode.c.objc; path = RTBindNetTests.m; sourceTree = "<group>"; };
		88633EC3212CFEB200CB4036 /* Info.plist */ = {isa = PBXFileReference; lastKnownFileType = text.plist.xml; path = Info.plist; sourceTree = "<group>"; };
		88633EC8212CFEB200CB4036 /* RTBindNetUITests.xctest */ = {isa = PBXFileReference; explicitFileType = wrapper.cfbundle; includeInIndex = 0; path = RTBindNetUITests.xctest; sourceTree = BUILT_PRODUCTS_DIR; };
		88633ECC212CFEB200CB4036 /* RTBindNetUITests.m */ = {isa = PBXFileReference; lastKnownFileType = sourcecode.c.objc; path = RTBindNetUITests.m; sourceTree = "<group>"; };
		88633ECE212CFEB200CB4036 /* Info.plist */ = {isa = PBXFileReference; lastKnownFileType = text.plist.xml; path = Info.plist; sourceTree = "<group>"; };
/* End PBXFileReference section */

/* Begin PBXFrameworksBuildPhase section */
		88633EA2212CFEA900CB4036 /* Frameworks */ = {
			isa = PBXFrameworksBuildPhase;
			buildActionMask = 2147483647;
			files = (
			);
			runOnlyForDeploymentPostprocessing = 0;
		};
		88633EBA212CFEB200CB4036 /* Frameworks */ = {
			isa = PBXFrameworksBuildPhase;
			buildActionMask = 2147483647;
			files = (
			);
			runOnlyForDeploymentPostprocessing = 0;
		};
		88633EC5212CFEB200CB4036 /* Frameworks */ = {
			isa = PBXFrameworksBuildPhase;
			buildActionMask = 2147483647;
			files = (
			);
			runOnlyForDeploymentPostprocessing = 0;
		};
/* End PBXFrameworksBuildPhase section */

/* Begin PBXGroup section */
		88633E9C212CFEA900CB4036 = {
			isa = PBXGroup;
			children = (
				88633EA7212CFEA900CB4036 /* RTBindNet */,
				88633EC0212CFEB200CB4036 /* RTBindNetTests */,
				88633ECB212CFEB200CB4036 /* RTBindNetUITests */,
				88633EA6212CFEA900CB4036 /* Products */,
			);
			sourceTree = "<group>";
		};
		88633EA6212CFEA900CB4036 /* Products */ = {
			isa = PBXGroup;
			children = (
				88633EA5212CFEA900CB4036 /* RTBindNet.app */,
				88633EBD212CFEB200CB4036 /* RTBindNetTests.xctest */,
				88633EC8212CFEB200CB4036 /* RTBindNetUITests.xctest */,
			);
			name = Products;
			sourceTree = "<group>";
		};
		88633EA7212CFEA900CB4036 /* RTBindNet */ = {
			isa = PBXGroup;
			children = (
				88633EA8212CFEA900CB4036 /* AppDelegate.h */,
				88633EA9212CFEA900CB4036 /* AppDelegate.m */,
				88633EAB212CFEA900CB4036 /* ViewController.h */,
				88633EAC212CFEA900CB4036 /* ViewController.m */,
				88633EAE212CFEA900CB4036 /* Main.storyboard */,
				88633EB1212CFEB200CB4036 /* Assets.xcassets */,
				88633EB3212CFEB200CB4036 /* LaunchScreen.storyboard */,
				88633EB6212CFEB200CB4036 /* Info.plist */,
				88633EB7212CFEB200CB4036 /* main.m */,
			);
			path = RTBindNet;
			sourceTree = "<group>";
		};
		88633EC0212CFEB200CB4036 /* RTBindNetTests */ = {
			isa = PBXGroup;
			children = (
				88633EC1212CFEB200CB4036 /* RTBindNetTests.m */,
				88633EC3212CFEB200CB4036 /* Info.plist */,
			);
			path = RTBindNetTests;
			sourceTree = "<group>";
		};
		88633ECB212CFEB200CB4036 /* RTBindNetUITests */ = {
			isa = PBXGroup;
			children = (
				88633ECC212CFEB200CB4036 /* RTBindNetUITests.m */,
				88633ECE212CFEB200CB4036 /* Info.plist */,
			);
			path = RTBindNetUITests;
			sourceTree = "<group>";
		};
/* End PBXGroup section */

/* Begin PBXNativeTarget section */
		88633EA4212CFEA900CB4036 /* RTBindNet */ = {
			isa = PBXNativeTarget;
			buildConfigurationList = 88633ED1212CFEB200CB4036 /* Build configuration list for PBXNativeTarget "RTBindNet" */;
			buildPhases = (
				88633EA1212CFEA900CB4036 /* Sources */,
				88633EA2212CFEA900CB4036 /* Frameworks */,
				88633EA3212CFEA900CB4036 /* Resources */,
			);
			buildRules = (
			);
			dependencies = (
			);
			name = RTBindNet;
			productName = RTBindNet;
			productReference = 88633EA5212CFEA900CB4036 /* RTBindNet.app */;
			productType = "com.apple.product-type.application";
		};
		88633EBC212CFEB200CB4036 /* RTBindNetTests */ = {
			isa = PBXNativeTarget;
			buildConfigurationList = 88633ED4212CFEB200CB4036 /* Build configuration list for PBXNativeTarget "RTBindNetTests" */;
			buildPhases = (
				88633EB9212CFEB200CB4036 /* Sources */,
				88633EBA212CFEB200CB4036 /* Frameworks */,
				88633EBB212CFEB200CB4036 /* Resources */,
			);
			buildRules = (
			);
			dependencies = (
				88633EBF212CFEB200CB4036 /* PBXTargetDependency */,
			);
			name = RTBindNetTests;
			productName = RTBindNetTests;
			productReference = 88633EBD212CFEB200CB4036 /* RTBindNetTests.xctest */;
			productType = "com.apple.product-type.bundle.unit-test";
		};
		88633EC7212CFEB200CB4036 /* RTBindNetUITests */ = {
			isa = PBXNativeTarget;
			buildConfigurationList = 88633ED7212CFEB200CB4036 /* Build configuration list for PBXNativeTarget "RTBindNetUITests" */;
			buildPhases = (
				88633EC4212CFEB200CB4036 /* Sources */,
				88633EC5212CFEB200CB4036 /* Frameworks */,
				88633EC6212CFEB200CB4036 /* Resources */,
			);
			buildRules = (
			);
			dependencies = (
				88633ECA212CFEB200CB4036 /* PBXTargetDependency */,
			);
			name = RTBindNetUITests;
			productName = RTBindNetUITests;
			productReference = 88633EC8212CFEB200CB4036 /* RTBindNetUITests.xctest */;
			productType = "com.apple.product-type.bundle.ui-testing";
		};
/* End PBXNativeTarget section */

/* Begin PBXProject section */
		88633E9D212CFEA900CB4036 /* Project object */ = {
			isa = PBXProject;
			attributes = {
				LastUpgradeCheck = 0940;
				ORGANIZATIONNAME = roobo;
				TargetAttributes = {
					88633EA4212CFEA900CB4036 = {
						CreatedOnToolsVersion = 9.4.1;
					};
					88633EBC212CFEB200CB4036 = {
						CreatedOnToolsVersion = 9.4.1;
						TestTargetID = 88633EA4212CFEA900CB4036;
					};
					88633EC7212CFEB200CB4036 = {
						CreatedOnToolsVersion = 9.4.1;
						TestTargetID = 88633EA4212CFEA900CB4036;
					};
				};
			};
			buildConfigurationList = 88633EA0212CFEA900CB4036 /* Build configuration list for PBXProject "RTBindNet" */;
			compatibilityVersion = "Xcode 9.3";
			developmentRegion = en;
			hasScannedForEncodings = 0;
			knownRegions = (
				en,
				Base,
			);
			mainGroup = 88633E9C212CFEA900CB4036;
			productRefGroup = 88633EA6212CFEA900CB4036 /* Products */;
			projectDirPath = "";
			projectRoot = "";
			targets = (
				88633EA4212CFEA900CB4036 /* RTBindNet */,
				88633EBC212CFEB200CB4036 /* RTBindNetTests */,
				88633EC7212CFEB200CB4036 /* RTBindNetUITests */,
			);
		};
/* End PBXProject section */

/* Begin PBXResourcesBuildPhase section */
		88633EA3212CFEA900CB4036 /* Resources */ = {
			isa = PBXResourcesBuildPhase;
			buildActionMask = 2147483647;
			files = (
				88633EB5212CFEB200CB4036 /* LaunchScreen.storyboard in Resources */,
				88633EB2212CFEB200CB4036 /* Assets.xcassets in Resources */,
				88633EB0212CFEA900CB4036 /* Main.storyboard in Resources */,
			);
			runOnlyForDeploymentPostprocessing = 0;
		};
		88633EBB212CFEB200CB4036 /* Resources */ = {
			isa = PBXResourcesBuildPhase;
			buildActionMask = 2147483647;
			files = (
			);
			runOnlyForDeploymentPostprocessing = 0;
		};
		88633EC6212CFEB200CB4036 /* Resources */ = {
			isa = PBXResourcesBuildPhase;
			buildActionMask = 2147483647;
			files = (
			);
			runOnlyForDeploymentPostprocessing = 0;
		};
/* End PBXResourcesBuildPhase section */

/* Begin PBXSourcesBuildPhase section */
		88633EA1212CFEA900CB4036 /* Sources */ = {
			isa = PBXSourcesBuildPhase;
			buildActionMask = 2147483647;
			files = (
				88633EAD212CFEA900CB4036 /* ViewController.m in Sources */,
				88633EB8212CFEB200CB4036 /* main.m in Sources */,
				88633EAA212CFEA900CB4036 /* AppDelegate.m in Sources */,
			);
			runOnlyForDeploymentPostprocessing = 0;
		};
		88633EB9212CFEB200CB4036 /* Sources */ = {
			isa = PBXSourcesBuildPhase;
			buildActionMask = 2147483647;
			files = (
				88633EC2212CFEB200CB4036 /* RTBindNetTests.m in Sources */,
			);
			runOnlyForDeploymentPostprocessing = 0;
		};
		88633EC4212CFEB200CB4036 /* Sources */ = {
			isa = PBXSourcesBuildPhase;
			buildActionMask = 2147483647;
			files = (
				88633ECD212CFEB200CB4036 /* RTBindNetUITests.m in Sources */,
			);
			runOnlyForDeploymentPostprocessing = 0;
		};
/* End PBXSourcesBuildPhase section */

/* Begin PBXTargetDependency section */
		88633EBF212CFEB200CB4036 /* PBXTargetDependency */ = {
			isa = PBXTargetDependency;
			target = 88633EA4212CFEA900CB4036 /* RTBindNet */;
			targetProxy = 88633EBE212CFEB200CB4036 /* PBXContainerItemProxy */;
		};
		88633ECA212CFEB200CB4036 /* PBXTargetDependency */ = {
			isa = PBXTargetDependency;
			target = 88633EA4212CFEA900CB4036 /* RTBindNet */;
			targetProxy = 88633EC9212CFEB200CB4036 /* PBXContainerItemProxy */;
		};
/* End PBXTargetDependency section */

/* Begin PBXVariantGroup section */
		88633EAE212CFEA900CB4036 /* Main.storyboard */ = {
			isa = PBXVariantGroup;
			children = (
				88633EAF212CFEA900CB4036 /* Base */,
			);
			name = Main.storyboard;
			sourceTree = "<group>";
		};
		88633EB3212CFEB200CB4036 /* LaunchScreen.storyboard */ = {
			isa = PBXVariantGroup;
			children = (
				88633EB4212CFEB200CB4036 /* Base */,
			);
			name = LaunchScreen.storyboard;
			sourceTree = "<group>";
		};
/* End PBXVariantGroup section */

/* Begin XCBuildConfiguration section */
		88633ECF212CFEB200CB4036 /* Debug */ = {
			isa = XCBuildConfiguration;
			buildSettings = {
				ALWAYS_SEARCH_USER_PATHS = NO;
				CLANG_ANALYZER_NONNULL = YES;
				CLANG_ANALYZER_NUMBER_OBJECT_CONVERSION = YES_AGGRESSIVE;
				CLANG_CXX_LANGUAGE_STANDARD = "gnu++14";
				CLANG_CXX_LIBRARY = "libc++";
				CLANG_ENABLE_MODULES = YES;
				CLANG_ENABLE_OBJC_ARC = YES;
				CLANG_ENABLE_OBJC_WEAK = YES;
				CLANG_WARN_BLOCK_CAPTURE_AUTORELEASING = YES;
				CLANG_WARN_BOOL_CONVERSION = YES;
				CLANG_WARN_COMMA = YES;
				CLANG_WARN_CONSTANT_CONVERSION = YES;
				CLANG_WARN_DEPRECATED_OBJC_IMPLEMENTATIONS = YES;
				CLANG_WARN_DIRECT_OBJC_ISA_USAGE = YES_ERROR;
				CLANG_WARN_DOCUMENTATION_COMMENTS = YES;
				CLANG_WARN_EMPTY_BODY = YES;
				CLANG_WARN_ENUM_CONVERSION = YES;
				CLANG_WARN_INFINITE_RECURSION = YES;
				CLANG_WARN_INT_CONVERSION = YES;
				CLANG_WARN_NON_LITERAL_NULL_CONVERSION = YES;
				CLANG_WARN_OBJC_IMPLICIT_RETAIN_SELF = YES;
				CLANG_WARN_OBJC_LITERAL_CONVERSION = YES;
				CLANG_WARN_OBJC_ROOT_CLASS = YES_ERROR;
				CLANG_WARN_RANGE_LOOP_ANALYSIS = YES;
				CLANG_WARN_STRICT_PROTOTYPES = YES;
				CLANG_WARN_SUSPICIOUS_MOVE = YES;
				CLANG_WARN_UNGUARDED_AVAILABILITY = YES_AGGRESSIVE;
				CLANG_WARN_UNREACHABLE_CODE = YES;
				CLANG_WARN__DUPLICATE_METHOD_MATCH = YES;
				CODE_SIGN_IDENTITY = "iPhone Developer";
				COPY_PHASE_STRIP = NO;
				DEBUG_INFORMATION_FORMAT = dwarf;
				ENABLE_STRICT_OBJC_MSGSEND = YES;
				ENABLE_TESTABILITY = YES;
				GCC_C_LANGUAGE_STANDARD = gnu11;
				GCC_DYNAMIC_NO_PIC = NO;
				GCC_NO_COMMON_BLOCKS = YES;
				GCC_OPTIMIZATION_LEVEL = 0;
				GCC_PREPROCESSOR_DEFINITIONS = (
					"DEBUG=1",
					"$(inherited)",
				);
				GCC_WARN_64_TO_32_BIT_CONVERSION = YES;
				GCC_WARN_ABOUT_RETURN_TYPE = YES_ERROR;
				GCC_WARN_UNDECLARED_SELECTOR = YES;
				GCC_WARN_UNINITIALIZED_AUTOS = YES_AGGRESSIVE;
				GCC_WARN_UNUSED_FUNCTION = YES;
				GCC_WARN_UNUSED_VARIABLE = YES;
				IPHONEOS_DEPLOYMENT_TARGET = 11.4;
				MTL_ENABLE_DEBUG_INFO = YES;
				ONLY_ACTIVE_ARCH = YES;
				SDKROOT = iphoneos;
			};
			name = Debug;
		};
		88633ED0212CFEB200CB4036 /* Release */ = {
			isa = XCBuildConfiguration;
			buildSettings = {
				ALWAYS_SEARCH_USER_PATHS = NO;
				CLANG_ANALYZER_NONNULL = YES;
				CLANG_ANALYZER_NUMBER_OBJECT_CONVERSION = YES_AGGRESSIVE;
				CLANG_CXX_LANGUAGE_STANDARD = "gnu++14";
				CLANG_CXX_LIBRARY = "libc++";
				CLANG_ENABLE_MODULES = YES;
				CLANG_ENABLE_OBJC_ARC = YES;
				CLANG_ENABLE_OBJC_WEAK = YES;
				CLANG_WARN_BLOCK_CAPTURE_AUTORELEASING = YES;
				CLANG_WARN_BOOL_CONVERSION = YES;
				CLANG_WARN_COMMA = YES;
				CLANG_WARN_CONSTANT_CONVERSION = YES;
				CLANG_WARN_DEPRECATED_OBJC_IMPLEMENTATIONS = YES;
				CLANG_WARN_DIRECT_OBJC_ISA_USAGE = YES_ERROR;
				CLANG_WARN_DOCUMENTATION_COMMENTS = YES;
				CLANG_WARN_EMPTY_BODY = YES;
				CLANG_WARN_ENUM_CONVERSION = YES;
				CLANG_WARN_INFINITE_RECURSION = YES;
				CLANG_WARN_INT_CONVERSION = YES;
				CLANG_WARN_NON_LITERAL_NULL_CONVERSION = YES;
				CLANG_WARN_OBJC_IMPLICIT_RETAIN_SELF = YES;
				CLANG_WARN_OBJC_LITERAL_CONVERSION = YES;
				CLANG_WARN_OBJC_ROOT_CLASS = YES_ERROR;
				CLANG_WARN_RANGE_LOOP_ANALYSIS = YES;
				CLANG_WARN_STRICT_PROTOTYPES = YES;
				CLANG_WARN_SUSPICIOUS_MOVE = YES;
				CLANG_WARN_UNGUARDED_AVAILABILITY = YES_AGGRESSIVE;
				CLANG_WARN_UNREACHABLE_CODE = YES;
				CLANG_WARN__DUPLICATE_METHOD_MATCH = YES;
				CODE_SIGN_IDENTITY = "iPhone Developer";
				COPY_PHASE_STRIP = NO;
				DEBUG_INFORMATION_FORMAT = "dwarf-with-dsym";
				ENABLE_NS_ASSERTIONS = NO;
				ENABLE_STRICT_OBJC_MSGSEND = YES;
				GCC_C_LANGUAGE_STANDARD = gnu11;
				GCC_NO_COMMON_BLOCKS = YES;
				GCC_WARN_64_TO_32_BIT_CONVERSION = YES;
				GCC_WARN_ABOUT_RETURN_TYPE = YES_ERROR;
				GCC_WARN_UNDECLARED_SELECTOR = YES;
				GCC_WARN_UNINITIALIZED_AUTOS = YES_AGGRESSIVE;
				GCC_WARN_UNUSED_FUNCTION = YES;
				GCC_WARN_UNUSED_VARIABLE = YES;
				IPHONEOS_DEPLOYMENT_TARGET = 11.4;
				MTL_ENABLE_DEBUG_INFO = NO;
				SDKROOT = iphoneos;
				VALIDATE_PRODUCT = YES;
			};
			name = Release;
		};
		88633ED2212CFEB200CB4036 /* Debug */ = {
			isa = XCBuildConfiguration;
			buildSettings = {
				ASSETCATALOG_COMPILER_APPICON_NAME = AppIcon;
				CODE_SIGN_STYLE = Automatic;
				DEVELOPMENT_TEAM = 8WHZ7G4S7Z;
				INFOPLIST_FILE = RTBindNet/Info.plist;
				LD_RUNPATH_SEARCH_PATHS = (
					"$(inherited)",
					"@executable_path/Frameworks",
				);
				PRODUCT_BUNDLE_IDENTIFIER = com.RTBindNet;
				PRODUCT_NAME = "$(TARGET_NAME)";
				TARGETED_DEVICE_FAMILY = "1,2";
			};
			name = Debug;
		};
		88633ED3212CFEB200CB4036 /* Release */ = {
			isa = XCBuildConfiguration;
			buildSettings = {
				ASSETCATALOG_COMPILER_APPICON_NAME = AppIcon;
				CODE_SIGN_STYLE = Automatic;
				DEVELOPMENT_TEAM = 8WHZ7G4S7Z;
				INFOPLIST_FILE = RTBindNet/Info.plist;
				LD_RUNPATH_SEARCH_PATHS = (
					"$(inherited)",
					"@executable_path/Frameworks",
				);
				PRODUCT_BUNDLE_IDENTIFIER = com.RTBindNet;
				PRODUCT_NAME = "$(TARGET_NAME)";
				TARGETED_DEVICE_FAMILY = "1,2";
			};
			name = Release;
		};
		88633ED5212CFEB200CB4036 /* Debug */ = {
			isa = XCBuildConfiguration;
			buildSettings = {
				BUNDLE_LOADER = "$(TEST_HOST)";
				CODE_SIGN_STYLE = Automatic;
				DEVELOPMENT_TEAM = 8WHZ7G4S7Z;
				INFOPLIST_FILE = RTBindNetTests/Info.plist;
				LD_RUNPATH_SEARCH_PATHS = (
					"$(inherited)",
					"@executable_path/Frameworks",
					"@loader_path/Frameworks",
				);
				PRODUCT_BUNDLE_IDENTIFIER = com.RTBindNetTests;
				PRODUCT_NAME = "$(TARGET_NAME)";
				TARGETED_DEVICE_FAMILY = "1,2";
				TEST_HOST = "$(BUILT_PRODUCTS_DIR)/RTBindNet.app/RTBindNet";
			};
			name = Debug;
		};
		88633ED6212CFEB200CB4036 /* Release */ = {
			isa = XCBuildConfiguration;
			buildSettings = {
				BUNDLE_LOADER = "$(TEST_HOST)";
				CODE_SIGN_STYLE = Automatic;
				DEVELOPMENT_TEAM = 8WHZ7G4S7Z;
				INFOPLIST_FILE = RTBindNetTests/Info.plist;
				LD_RUNPATH_SEARCH_PATHS = (
					"$(inherited)",
					"@executable_path/Frameworks",
					"@loader_path/Frameworks",
				);
				PRODUCT_BUNDLE_IDENTIFIER = com.RTBindNetTests;
				PRODUCT_NAME = "$(TARGET_NAME)";
				TARGETED_DEVICE_FAMILY = "1,2";
				TEST_HOST = "$(BUILT_PRODUCTS_DIR)/RTBindNet.app/RTBindNet";
			};
			name = Release;
		};
		88633ED8212CFEB200CB4036 /* Debug */ = {
			isa = XCBuildConfiguration;
			buildSettings = {
				CODE_SIGN_STYLE = Automatic;
				DEVELOPMENT_TEAM = 8WHZ7G4S7Z;
				INFOPLIST_FILE = RTBindNetUITests/Info.plist;
				LD_RUNPATH_SEARCH_PATHS = (
					"$(inherited)",
					"@executable_path/Frameworks",
					"@loader_path/Frameworks",
				);
				PRODUCT_BUNDLE_IDENTIFIER = com.RTBindNetUITests;
				PRODUCT_NAME = "$(TARGET_NAME)";
				TARGETED_DEVICE_FAMILY = "1,2";
				TEST_TARGET_NAME = RTBindNet;
			};
			name = Debug;
		};
		88633ED9212CFEB200CB4036 /* Release */ = {
			isa = XCBuildConfiguration;
			buildSettings = {
				CODE_SIGN_STYLE = Automatic;
				DEVELOPMENT_TEAM = 8WHZ7G4S7Z;
				INFOPLIST_FILE = RTBindNetUITests/Info.plist;
				LD_RUNPATH_SEARCH_PATHS = (
					"$(inherited)",
					"@executable_path/Frameworks",
					"@loader_path/Frameworks",
				);
				PRODUCT_BUNDLE_IDENTIFIER = com.RTBindNetUITests;
				PRODUCT_NAME = "$(TARGET_NAME)";
				TARGETED_DEVICE_FAMILY = "1,2";
				TEST_TARGET_NAME = RTBindNet;
			};
			name = Release;
		};
/* End XCBuildConfiguration section */

/* Begin XCConfigurationList section */
		88633EA0212CFEA900CB4036 /* Build configuration list for PBXProject "RTBindNet" */ = {
			isa = XCConfigurationList;
			buildConfigurations = (
				88633ECF212CFEB200CB4036 /* Debug */,
				88633ED0212CFEB200CB4036 /* Release */,
			);
			defaultConfigurationIsVisible = 0;
			defaultConfigurationName = Release;
		};
		88633ED1212CFEB200CB4036 /* Build configuration list for PBXNativeTarget "RTBindNet" */ = {
			isa = XCConfigurationList;
			buildConfigurations = (
				88633ED2212CFEB200CB4036 /* Debug */,
				88633ED3212CFEB200CB4036 /* Release */,
			);
			defaultConfigurationIsVisible = 0;
			defaultConfigurationName = Release;
		};
		88633ED4212CFEB200CB4036 /* Build configuration list for PBXNativeTarget "RTBindNetTests" */ = {
			isa = XCConfigurationList;
			buildConfigurations = (
				88633ED5212CFEB200CB4036 /* Debug */,
				88633ED6212CFEB200CB4036 /* Release */,
			);
			defaultConfigurationIsVisible = 0;
			defaultConfigurationName = Release;
		};
		88633ED7212CFEB200CB4036 /* Build configuration list for PBXNativeTarget "RTBindNetUITests" */ = {
			isa = XCConfigurationList;
			buildConfigurations = (
				88633ED8212CFEB200CB4036 /* Debug */,
				88633ED9212CFEB200CB4036 /* Release */,
			);
			defaultConfigurationIsVisible = 0;
			defaultConfigurationName = Release;
		};
/* End XCConfigurationList section */
	};
	rootObject = 88633E9D212CFEA900CB4036 /* Project object */;
}
